
Microsoft Visual Studio Solution File, Format Version 12.00
# Visual Studio 14
VisualStudioVersion = 14.0.25420.1
MinimumVisualStudioVersion = 10.0.40219.1
Project("{FAE04EC0-301F-11D3-BF4B-00C04F79EFBC}") = "HdisWebService", "HdisWebService\HdisWebService.csproj", "{CFDC9599-50EC-4410-892C-EB6CFD01029E}"
EndProject
Project("{FAE04EC0-301F-11D3-BF4B-00C04F79EFBC}") = "HdisBizLogic", "HdisBizLogic\HdisBizLogic.csproj", "{E6214876-1E94-4600-B1FA-B08CFB8C593C}"
EndProject
Project("{FAE04EC0-301F-11D3-BF4B-00C04F79EFBC}") = "HdisModels", "HdisModels\HdisModels.csproj", "{59088EED-ED92-4F30-BA89-2DE09CD9DD06}"
EndProject
Project("{FAE04EC0-301F-11D3-BF4B-00C04F79EFBC}") = "HdisDataBase", "HdisDataBase\HdisDataBase.csproj", "{68154CC6-FC95-4FBE-A8DC-03F07627FBD2}"
EndProject
Project("{FAE04EC0-301F-11D3-BF4B-00C04F79EFBC}") = "HdisCommon", "HdisCommon\HdisCommon.csproj", "{3C703CAC-35F2-4172-BA85-83CDF0ABD106}"
EndProject
Global
	GlobalSection(SolutionConfigurationPlatforms) = preSolution
		Debug|Any CPU = Debug|Any CPU
		Release|Any CPU = Release|Any CPU
	EndGlobalSection
	GlobalSection(ProjectConfigurationPlatforms) = postSolution
		{CFDC9599-50EC-4410-892C-EB6CFD01029E}.Debug|Any CPU.ActiveCfg = Debug|Any CPU
		{CFDC9599-50EC-4410-892C-EB6CFD01029E}.Debug|Any CPU.Build.0 = Debug|Any CPU
		{CFDC9599-50EC-4410-892C-EB6CFD01029E}.Release|Any CPU.ActiveCfg = Release|Any CPU
		{CFDC9599-50EC-4410-892C-EB6CFD01029E}.Release|Any CPU.Build.0 = Release|Any CPU
		{E6214876-1E94-4600-B1FA-B08CFB8C593C}.Debug|Any CPU.ActiveCfg = Debug|Any CPU
		{E6214876-1E94-4600-B1FA-B08CFB8C593C}.Debug|Any CPU.Build.0 = Debug|Any CPU
		{E6214876-1E94-4600-B1FA-B08CFB8C593C}.Release|Any CPU.ActiveCfg = Release|Any CPU
		{E6214876-1E94-4600-B1FA-B08CFB8C593C}.Release|Any CPU.Build.0 = Release|Any CPU
		{59088EED-ED92-4F30-BA89-2DE09CD9DD06}.Debug|Any CPU.ActiveCfg = Debug|Any CPU
		{59088EED-ED92-4F30-BA89-2DE09CD9DD06}.Debug|Any CPU.Build.0 = Debug|Any CPU
		{59088EED-ED92-4F30-BA89-2DE09CD9DD06}.Release|Any CPU.ActiveCfg = Release|Any CPU
		{59088EED-ED92-4F30-BA89-2DE09CD9DD06}.Release|Any CPU.Build.0 = Release|Any CPU
		{68154CC6-FC95-4FBE-A8DC-03F07627FBD2}.Debug|Any CPU.ActiveCfg = Debug|Any CPU
		{68154CC6-FC95-4FBE-A8DC-03F07627FBD2}.Debug|Any CPU.Build.0 = Debug|Any CPU
		{68154CC6-FC95-4FBE-A8DC-03F07627FBD2}.Release|Any CPU.ActiveCfg = Release|Any CPU
		{68154CC6-FC95-4FBE-A8DC-03F07627FBD2}.Release|Any CPU.Build.0 = Release|Any CPU
		{3C703CAC-35F2-4172-BA85-83CDF0ABD106}.Debug|Any CPU.ActiveCfg = Debug|Any CPU
		{3C703CAC-35F2-4172-BA85-83CDF0ABD106}.Debug|Any CPU.Build.0 = Debug|Any CPU
		{3C703CAC-35F2-4172-BA85-83CDF0ABD106}.Release|Any CPU.ActiveCfg = Release|Any CPU
		{3C703CAC-35F2-4172-BA85-83CDF0ABD106}.Release|Any CPU.Build.0 = Release|Any CPU
	EndGlobalSection
	GlobalSection(SolutionProperties) = preSolution
		HideSolutionNode = FALSE
	EndGlobalSection
EndGlobal
